
Microsoft Visual Studio Solution File, Format Version 12.00
# Visual Studio Version 16
VisualStudioVersion = 16.0.32901.82
MinimumVisualStudioVersion = 10.0.40219.1
Project("{FAE04EC0-301F-11D3-BF4B-00C04F79EFBC}") = "CyberpunkServer", "CyberpunkServer\CyberpunkServer.csproj", "{5E002AC4-0577-4AAB-9892-DAA5F05E97E5}"
EndProject
Global
	GlobalSection(SolutionConfigurationPlatforms) = preSolution
		Debug|Any CPU = Debug|Any CPU
		Release|Any CPU = Release|Any CPU
	EndGlobalSection
	GlobalSection(ProjectConfigurationPlatforms) = postSolution
		{5E002AC4-0577-4AAB-9892-DAA5F05E97E5}.Debug|Any CPU.ActiveCfg = Debug|Any CPU
		{5E002AC4-0577-4AAB-9892-DAA5F05E97E5}.Debug|Any CPU.Build.0 = Debug|Any CPU
		{5E002AC4-0577-4AAB-9892-DAA5F05E97E5}.Release|Any CPU.ActiveCfg = Release|Any CPU
		{5E002AC4-0577-4AAB-9892-DAA5F05E97E5}.Release|Any CPU.Build.0 = Release|Any CPU
	EndGlobalSection
	GlobalSection(SolutionProperties) = preSolution
		HideSolutionNode = FALSE
	EndGlobalSection
	GlobalSection(ExtensibilityGlobals) = postSolution
		SolutionGuid = {342143FD-5A42-419F-9F7E-F184E51A4DD5}
	EndGlobalSection
EndGlobal
